
Microsoft Visual Studio Solution File, Format Version 12.00
# Visual Studio Version 17
VisualStudioVersion = 17.5.2.0
MinimumVisualStudioVersion = 10.0.40219.1
Project("{FAE04EC0-301F-11D3-BF4B-00C04F79EFBC}") = "TodoApp", "src\TodoApp.csproj", "{950BBB99-4416-B06A-1443-C6095FD681D4}"
EndProject
Project("{2150E333-8FDC-42A3-9474-1A3956D46DE8}") = "tests", "tests", "{0AB3BF05-4346-4AA6-1389-037BE0695223}"
EndProject
Project("{FAE04EC0-301F-11D3-BF4B-00C04F79EFBC}") = "TodoApp.Tests", "tests\TodoApp.Tests.csproj", "{0A3C7B6D-06F4-49EB-A9CD-9DDF026252BA}"
EndProject
Global
	GlobalSection(SolutionConfigurationPlatforms) = preSolution
		Debug|Any CPU = Debug|Any CPU
		Debug|x64 = Debug|x64
		Debug|x86 = Debug|x86
		Release|Any CPU = Release|Any CPU
		Release|x64 = Release|x64
		Release|x86 = Release|x86
	EndGlobalSection
	GlobalSection(ProjectConfigurationPlatforms) = postSolution
		{950BBB99-4416-B06A-1443-C6095FD681D4}.Debug|Any CPU.ActiveCfg = Debug|Any CPU
		{950BBB99-4416-B06A-1443-C6095FD681D4}.Debug|Any CPU.Build.0 = Debug|Any CPU
		{950BBB99-4416-B06A-1443-C6095FD681D4}.Debug|x64.ActiveCfg = Debug|Any CPU
		{950BBB99-4416-B06A-1443-C6095FD681D4}.Debug|x64.Build.0 = Debug|Any CPU
		{950BBB99-4416-B06A-1443-C6095FD681D4}.Debug|x86.ActiveCfg = Debug|Any CPU
		{950BBB99-4416-B06A-1443-C6095FD681D4}.Debug|x86.Build.0 = Debug|Any CPU
		{950BBB99-4416-B06A-1443-C6095FD681D4}.Release|Any CPU.ActiveCfg = Release|Any CPU
		{950BBB99-4416-B06A-1443-C6095FD681D4}.Release|Any CPU.Build.0 = Release|Any CPU
		{950BBB99-4416-B06A-1443-C6095FD681D4}.Release|x64.ActiveCfg = Release|Any CPU
		{950BBB99-4416-B06A-1443-C6095FD681D4}.Release|x64.Build.0 = Release|Any CPU
		{950BBB99-4416-B06A-1443-C6095FD681D4}.Release|x86.ActiveCfg = Release|Any CPU
		{950BBB99-4416-B06A-1443-C6095FD681D4}.Release|x86.Build.0 = Release|Any CPU
		{0A3C7B6D-06F4-49EB-A9CD-9DDF026252BA}.Debug|Any CPU.ActiveCfg = Debug|Any CPU
		{0A3C7B6D-06F4-49EB-A9CD-9DDF026252BA}.Debug|Any CPU.Build.0 = Debug|Any CPU
		{0A3C7B6D-06F4-49EB-A9CD-9DDF026252BA}.Debug|x64.ActiveCfg = Debug|Any CPU
		{0A3C7B6D-06F4-49EB-A9CD-9DDF026252BA}.Debug|x64.Build.0 = Debug|Any CPU
		{0A3C7B6D-06F4-49EB-A9CD-9DDF026252BA}.Debug|x86.ActiveCfg = Debug|Any CPU
		{0A3C7B6D-06F4-49EB-A9CD-9DDF026252BA}.Debug|x86.Build.0 = Debug|Any CPU
		{0A3C7B6D-06F4-49EB-A9CD-9DDF026252BA}.Release|Any CPU.ActiveCfg = Release|Any CPU
		{0A3C7B6D-06F4-49EB-A9CD-9DDF026252BA}.Release|Any CPU.Build.0 = Release|Any CPU
		{0A3C7B6D-06F4-49EB-A9CD-9DDF026252BA}.Release|x64.ActiveCfg = Release|Any CPU
		{0A3C7B6D-06F4-49EB-A9CD-9DDF026252BA}.Release|x64.Build.0 = Release|Any CPU
		{0A3C7B6D-06F4-49EB-A9CD-9DDF026252BA}.Release|x86.ActiveCfg = Release|Any CPU
		{0A3C7B6D-06F4-49EB-A9CD-9DDF026252BA}.Release|x86.Build.0 = Release|Any CPU
	EndGlobalSection
	GlobalSection(SolutionProperties) = preSolution
		HideSolutionNode = FALSE
	EndGlobalSection
	GlobalSection(NestedProjects) = preSolution
		{0A3C7B6D-06F4-49EB-A9CD-9DDF026252BA} = {0AB3BF05-4346-4AA6-1389-037BE0695223}
	EndGlobalSection
	GlobalSection(ExtensibilityGlobals) = postSolution
		SolutionGuid = {227E8929-1A86-4AD8-8E99-F27F38D2A426}
	EndGlobalSection
EndGlobal
